
Microsoft Visual Studio Solution File, Format Version 12.00
# Visual Studio Version 17
VisualStudioVersion = 17.2.32630.192
MinimumVisualStudioVersion = 10.0.40219.1
Project("{FAE04EC0-301F-11D3-BF4B-00C04F79EFBC}") = "SalesWebMvc", "SalesWebMvc\SalesWebMvc.csproj", "{73F32677-D72C-4D56-96F4-C38EE766F53B}"
EndProject
Global
	GlobalSection(SolutionConfigurationPlatforms) = preSolution
		Debug|Any CPU = Debug|Any CPU
		Release|Any CPU = Release|Any CPU
	EndGlobalSection
	GlobalSection(ProjectConfigurationPlatforms) = postSolution
		{73F32677-D72C-4D56-96F4-C38EE766F53B}.Debug|Any CPU.ActiveCfg = Debug|Any CPU
		{73F32677-D72C-4D56-96F4-C38EE766F53B}.Debug|Any CPU.Build.0 = Debug|Any CPU
		{73F32677-D72C-4D56-96F4-C38EE766F53B}.Release|Any CPU.ActiveCfg = Release|Any CPU
		{73F32677-D72C-4D56-96F4-C38EE766F53B}.Release|Any CPU.Build.0 = Release|Any CPU
	EndGlobalSection
	GlobalSection(SolutionProperties) = preSolution
		HideSolutionNode = FALSE
	EndGlobalSection
	GlobalSection(ExtensibilityGlobals) = postSolution
		SolutionGuid = {B3BB90D2-BA38-48E9-87BA-059DDB23145D}
	EndGlobalSection
EndGlobal
